
Microsoft Visual Studio Solution File, Format Version 12.00
Project("{FAE04EC0-301F-11D3-BF4B-00C04F79EFBC}") = "Pos.EndPoint", "Pos.EndPoint\Pos.EndPoint.csproj", "{C800A15B-819B-418B-9F32-F9DA38AE1112}"
EndProject
Project("{FAE04EC0-301F-11D3-BF4B-00C04F79EFBC}") = "Pos.Shared", "Pos.Shared\Pos.Shared.csproj", "{4CA3EEC6-54D1-4039-B3E2-BC1488291842}"
EndProject
Project("{FAE04EC0-301F-11D3-BF4B-00C04F79EFBC}") = "Pos.Web", "Pos.Web\Pos.Web.csproj", "{847794E7-BF66-4F02-8CF2-DFF65E5CC785}"
EndProject
Project("{2150E333-8FDC-42A3-9474-1A3956D46DE8}") = "Modules", "Modules", "{CA253913-39DE-BFD0-C9A3-4B7EC6FBDF17}"
EndProject
Project("{2150E333-8FDC-42A3-9474-1A3956D46DE8}") = "Identity", "Identity", "{293C06CD-4E17-48BD-9F3B-B5ADDFFA9425}"
EndProject
Project("{FAE04EC0-301F-11D3-BF4B-00C04F79EFBC}") = "Pos.Modules.Identity.Domain", "Modules\Identity\Pos.Modules.Identity.Domain\Pos.Modules.Identity.Domain.csproj", "{AE669B6D-1AB3-4621-AC5F-AAACDA912725}"
EndProject
Project("{FAE04EC0-301F-11D3-BF4B-00C04F79EFBC}") = "Pos.Modules.Identity.Application", "Modules\Identity\Pos.Modules.Identity.Application\Pos.Modules.Identity.Application.csproj", "{2EAF97CF-C491-48E9-BFAC-F6A132531686}"
EndProject
Project("{FAE04EC0-301F-11D3-BF4B-00C04F79EFBC}") = "Pos.Modules.Identity.Infrastructure", "Modules\Identity\Pos.Modules.Identity.Infrastructure\Pos.Modules.Identity.Infrastructure.csproj", "{5CF33241-8D86-49E6-8209-8BD7F21A8905}"
EndProject
Project("{FAE04EC0-301F-11D3-BF4B-00C04F79EFBC}") = "Pos.Modules.Identity.Presentation", "Modules\Identity\Pos.Modules.Identity.Presentation\Pos.Modules.Identity.Presentation.csproj", "{584EEEC6-7847-48DE-BF24-1920BC0FDD28}"
EndProject
Project("{2150E333-8FDC-42A3-9474-1A3956D46DE8}") = "Catalog", "Catalog", "{729B03C7-1C3E-5EDD-EDB4-38F58E22BDF1}"
EndProject
Project("{FAE04EC0-301F-11D3-BF4B-00C04F79EFBC}") = "Pos.Modules.Catalog.Domain", "Modules\Catalog\Pos.Modules.Catalog.Domain\Pos.Modules.Catalog.Domain.csproj", "{0B7D37D7-92AB-4ADD-B8F8-D0F5E64CD755}"
EndProject
Project("{FAE04EC0-301F-11D3-BF4B-00C04F79EFBC}") = "Pos.Modules.Catalog.Application", "Modules\Catalog\Pos.Modules.Catalog.Application\Pos.Modules.Catalog.Application.csproj", "{99A01076-BF0E-4470-B6BF-911D532ABDAC}"
EndProject
Project("{FAE04EC0-301F-11D3-BF4B-00C04F79EFBC}") = "Pos.Modules.Catalog.Infrastructure", "Modules\Catalog\Pos.Modules.Catalog.Infrastructure\Pos.Modules.Catalog.Infrastructure.csproj", "{D3B558B3-2D3E-4800-9193-BAEA3D610381}"
EndProject
Project("{FAE04EC0-301F-11D3-BF4B-00C04F79EFBC}") = "Pos.Modules.Catalog.Presentation", "Modules\Catalog\Pos.Modules.Catalog.Presentation\Pos.Modules.Catalog.Presentation.csproj", "{C5DE5AAB-7637-4428-B4ED-C4246EC9AA4C}"
EndProject
Project("{2150E333-8FDC-42A3-9474-1A3956D46DE8}") = "Customers", "Customers", "{3333CD61-D66C-0171-0725-9839E1F728CE}"
EndProject
Project("{FAE04EC0-301F-11D3-BF4B-00C04F79EFBC}") = "Pos.Modules.Customers.Domain", "Modules\Customers\Pos.Modules.Customers.Domain\Pos.Modules.Customers.Domain.csproj", "{ADD63F09-4A8D-4E63-BDE7-F29E6941C857}"
EndProject
Project("{FAE04EC0-301F-11D3-BF4B-00C04F79EFBC}") = "Pos.Modules.Customers.Application", "Modules\Customers\Pos.Modules.Customers.Application\Pos.Modules.Customers.Application.csproj", "{B1C50F77-E876-48AF-AE95-EFF0D4EF5F30}"
EndProject
Project("{FAE04EC0-301F-11D3-BF4B-00C04F79EFBC}") = "Pos.Modules.Customers.Infrastructure", "Modules\Customers\Pos.Modules.Customers.Infrastructure\Pos.Modules.Customers.Infrastructure.csproj", "{E8A10D98-106E-463D-84FE-56C02CBE1F08}"
EndProject
Project("{FAE04EC0-301F-11D3-BF4B-00C04F79EFBC}") = "Pos.Modules.Customers.Presentation", "Modules\Customers\Pos.Modules.Customers.Presentation\Pos.Modules.Customers.Presentation.csproj", "{D95E549A-095C-4E46-A068-DEF2821E3E2C}"
EndProject
Project("{2150E333-8FDC-42A3-9474-1A3956D46DE8}") = "Orders", "Orders", "{E1ED5814-3279-5096-6E7D-B99B82AC87D2}"
EndProject
Project("{FAE04EC0-301F-11D3-BF4B-00C04F79EFBC}") = "Pos.Modules.Orders.Domain", "Modules\Orders\Pos.Modules.Orders.Domain\Pos.Modules.Orders.Domain.csproj", "{8F19ABF4-E4DE-4D91-8DDA-11E888A44D74}"
EndProject
Project("{FAE04EC0-301F-11D3-BF4B-00C04F79EFBC}") = "Pos.Modules.Orders.Application", "Modules\Orders\Pos.Modules.Orders.Application\Pos.Modules.Orders.Application.csproj", "{3D1CCD42-117A-4A17-BCCD-88C3DAAA019D}"
EndProject
Project("{FAE04EC0-301F-11D3-BF4B-00C04F79EFBC}") = "Pos.Modules.Orders.Infrastructure", "Modules\Orders\Pos.Modules.Orders.Infrastructure\Pos.Modules.Orders.Infrastructure.csproj", "{FD026059-5336-4E22-8774-2EB355A4B8C0}"
EndProject
Project("{FAE04EC0-301F-11D3-BF4B-00C04F79EFBC}") = "Pos.Modules.Orders.Presentation", "Modules\Orders\Pos.Modules.Orders.Presentation\Pos.Modules.Orders.Presentation.csproj", "{EFD73B16-BAFD-4CA6-8CC1-7496164B9D42}"
EndProject
Project("{2150E333-8FDC-42A3-9474-1A3956D46DE8}") = "Payments", "Payments", "{BB0BEEE1-C6CC-7430-AB70-8D0C82AE13B4}"
EndProject
Project("{FAE04EC0-301F-11D3-BF4B-00C04F79EFBC}") = "Pos.Modules.Payments.Domain", "Modules\Payments\Pos.Modules.Payments.Domain\Pos.Modules.Payments.Domain.csproj", "{B75D9941-1DC8-4045-886C-C5C387F5F0F1}"
EndProject
Project("{FAE04EC0-301F-11D3-BF4B-00C04F79EFBC}") = "Pos.Modules.Payments.Application", "Modules\Payments\Pos.Modules.Payments.Application\Pos.Modules.Payments.Application.csproj", "{D2DA328C-9C73-41E8-9B12-C3A084D58BF1}"
EndProject
Project("{FAE04EC0-301F-11D3-BF4B-00C04F79EFBC}") = "Pos.Modules.Payments.Infrastructure", "Modules\Payments\Pos.Modules.Payments.Infrastructure\Pos.Modules.Payments.Infrastructure.csproj", "{CB695EBF-F0F3-4115-AF20-04591217056E}"
EndProject
Project("{FAE04EC0-301F-11D3-BF4B-00C04F79EFBC}") = "Pos.Modules.Payments.Presentation", "Modules\Payments\Pos.Modules.Payments.Presentation\Pos.Modules.Payments.Presentation.csproj", "{4E62820D-0F34-4214-80CB-6556B537AAEE}"
EndProject
Project("{2150E333-8FDC-42A3-9474-1A3956D46DE8}") = "Providers", "Providers", "{A4D590B0-686D-4BF6-BA8A-FA2895C370FF}"
EndProject
Project("{FAE04EC0-301F-11D3-BF4B-00C04F79EFBC}") = "Pos.Providers.GarantiBank", "Pos.Providers.GarantiBank\Pos.Providers.GarantiBank.csproj", "{FFCD40FE-9D5B-4349-BC39-619410379E78}"
EndProject
Project("{FAE04EC0-301F-11D3-BF4B-00C04F79EFBC}") = "Pos.Providers.IsBank", "Pos.Providers.IsBank\Pos.Providers.IsBank.csproj", "{DC2CA66F-127E-4730-93CC-0B0EF32DC2A3}"
EndProject
Project("{2150E333-8FDC-42A3-9474-1A3956D46DE8}") = "Tables", "Tables", "{058EAE76-D896-1975-3AE5-4DA35ADAA74C}"
EndProject
Project("{FAE04EC0-301F-11D3-BF4B-00C04F79EFBC}") = "Pos.Modules.Tables.Domain", "Modules\Tables\Pos.Modules.Tables.Domain\Pos.Modules.Tables.Domain.csproj", "{C347C597-5BDC-4487-AEA6-6CCD28B93667}"
EndProject
Project("{FAE04EC0-301F-11D3-BF4B-00C04F79EFBC}") = "Pos.Modules.Tables.Application", "Modules\Tables\Pos.Modules.Tables.Application\Pos.Modules.Tables.Application.csproj", "{8CD5BC36-F6EC-4140-85A1-73E956D7596F}"
EndProject
Project("{FAE04EC0-301F-11D3-BF4B-00C04F79EFBC}") = "Pos.Modules.Tables.Infrastructure", "Modules\Tables\Pos.Modules.Tables.Infrastructure\Pos.Modules.Tables.Infrastructure.csproj", "{4F2B00C6-095C-4324-8894-D20BAF3BF0C9}"
EndProject
Project("{FAE04EC0-301F-11D3-BF4B-00C04F79EFBC}") = "Pos.Modules.Tables.Presentation", "Modules\Tables\Pos.Modules.Tables.Presentation\Pos.Modules.Tables.Presentation.csproj", "{45186210-C234-44D1-A16B-CC92FC55441A}"
EndProject
Global
	GlobalSection(SolutionConfigurationPlatforms) = preSolution
		Debug|Any CPU = Debug|Any CPU
		Debug|x64 = Debug|x64
		Debug|x86 = Debug|x86
		Release|Any CPU = Release|Any CPU
		Release|x64 = Release|x64
		Release|x86 = Release|x86
	EndGlobalSection
	GlobalSection(ProjectConfigurationPlatforms) = postSolution
		{C800A15B-819B-418B-9F32-F9DA38AE1112}.Debug|Any CPU.ActiveCfg = Debug|Any CPU
		{C800A15B-819B-418B-9F32-F9DA38AE1112}.Debug|Any CPU.Build.0 = Debug|Any CPU
		{C800A15B-819B-418B-9F32-F9DA38AE1112}.Debug|x64.ActiveCfg = Debug|Any CPU
		{C800A15B-819B-418B-9F32-F9DA38AE1112}.Debug|x64.Build.0 = Debug|Any CPU
		{C800A15B-819B-418B-9F32-F9DA38AE1112}.Debug|x86.ActiveCfg = Debug|Any CPU
		{C800A15B-819B-418B-9F32-F9DA38AE1112}.Debug|x86.Build.0 = Debug|Any CPU
		{C800A15B-819B-418B-9F32-F9DA38AE1112}.Release|Any CPU.ActiveCfg = Release|Any CPU
		{C800A15B-819B-418B-9F32-F9DA38AE1112}.Release|Any CPU.Build.0 = Release|Any CPU
		{C800A15B-819B-418B-9F32-F9DA38AE1112}.Release|x64.ActiveCfg = Release|Any CPU
		{C800A15B-819B-418B-9F32-F9DA38AE1112}.Release|x64.Build.0 = Release|Any CPU
		{C800A15B-819B-418B-9F32-F9DA38AE1112}.Release|x86.ActiveCfg = Release|Any CPU
		{C800A15B-819B-418B-9F32-F9DA38AE1112}.Release|x86.Build.0 = Release|Any CPU
		{4CA3EEC6-54D1-4039-B3E2-BC1488291842}.Debug|Any CPU.ActiveCfg = Debug|Any CPU
		{4CA3EEC6-54D1-4039-B3E2-BC1488291842}.Debug|Any CPU.Build.0 = Debug|Any CPU
		{4CA3EEC6-54D1-4039-B3E2-BC1488291842}.Debug|x64.ActiveCfg = Debug|Any CPU
		{4CA3EEC6-54D1-4039-B3E2-BC1488291842}.Debug|x64.Build.0 = Debug|Any CPU
		{4CA3EEC6-54D1-4039-B3E2-BC1488291842}.Debug|x86.ActiveCfg = Debug|Any CPU
		{4CA3EEC6-54D1-4039-B3E2-BC1488291842}.Debug|x86.Build.0 = Debug|Any CPU
		{4CA3EEC6-54D1-4039-B3E2-BC1488291842}.Release|Any CPU.ActiveCfg = Release|Any CPU
		{4CA3EEC6-54D1-4039-B3E2-BC1488291842}.Release|Any CPU.Build.0 = Release|Any CPU
		{4CA3EEC6-54D1-4039-B3E2-BC1488291842}.Release|x64.ActiveCfg = Release|Any CPU
		{4CA3EEC6-54D1-4039-B3E2-BC1488291842}.Release|x64.Build.0 = Release|Any CPU
		{4CA3EEC6-54D1-4039-B3E2-BC1488291842}.Release|x86.ActiveCfg = Release|Any CPU
		{4CA3EEC6-54D1-4039-B3E2-BC1488291842}.Release|x86.Build.0 = Release|Any CPU
		{847794E7-BF66-4F02-8CF2-DFF65E5CC785}.Debug|Any CPU.ActiveCfg = Debug|Any CPU
		{847794E7-BF66-4F02-8CF2-DFF65E5CC785}.Debug|Any CPU.Build.0 = Debug|Any CPU
		{847794E7-BF66-4F02-8CF2-DFF65E5CC785}.Debug|x64.ActiveCfg = Debug|Any CPU
		{847794E7-BF66-4F02-8CF2-DFF65E5CC785}.Debug|x64.Build.0 = Debug|Any CPU
		{847794E7-BF66-4F02-8CF2-DFF65E5CC785}.Debug|x86.ActiveCfg = Debug|Any CPU
		{847794E7-BF66-4F02-8CF2-DFF65E5CC785}.Debug|x86.Build.0 = Debug|Any CPU
		{847794E7-BF66-4F02-8CF2-DFF65E5CC785}.Release|Any CPU.ActiveCfg = Release|Any CPU
		{847794E7-BF66-4F02-8CF2-DFF65E5CC785}.Release|Any CPU.Build.0 = Release|Any CPU
		{847794E7-BF66-4F02-8CF2-DFF65E5CC785}.Release|x64.ActiveCfg = Release|Any CPU
		{847794E7-BF66-4F02-8CF2-DFF65E5CC785}.Release|x64.Build.0 = Release|Any CPU
		{847794E7-BF66-4F02-8CF2-DFF65E5CC785}.Release|x86.ActiveCfg = Release|Any CPU
		{847794E7-BF66-4F02-8CF2-DFF65E5CC785}.Release|x86.Build.0 = Release|Any CPU
		{AE669B6D-1AB3-4621-AC5F-AAACDA912725}.Debug|Any CPU.ActiveCfg = Debug|Any CPU
		{AE669B6D-1AB3-4621-AC5F-AAACDA912725}.Debug|Any CPU.Build.0 = Debug|Any CPU
		{AE669B6D-1AB3-4621-AC5F-AAACDA912725}.Debug|x64.ActiveCfg = Debug|Any CPU
		{AE669B6D-1AB3-4621-AC5F-AAACDA912725}.Debug|x64.Build.0 = Debug|Any CPU
		{AE669B6D-1AB3-4621-AC5F-AAACDA912725}.Debug|x86.ActiveCfg = Debug|Any CPU
		{AE669B6D-1AB3-4621-AC5F-AAACDA912725}.Debug|x86.Build.0 = Debug|Any CPU
		{AE669B6D-1AB3-4621-AC5F-AAACDA912725}.Release|Any CPU.ActiveCfg = Release|Any CPU
		{AE669B6D-1AB3-4621-AC5F-AAACDA912725}.Release|Any CPU.Build.0 = Release|Any CPU
		{AE669B6D-1AB3-4621-AC5F-AAACDA912725}.Release|x64.ActiveCfg = Release|Any CPU
		{AE669B6D-1AB3-4621-AC5F-AAACDA912725}.Release|x64.Build.0 = Release|Any CPU
		{AE669B6D-1AB3-4621-AC5F-AAACDA912725}.Release|x86.ActiveCfg = Release|Any CPU
		{AE669B6D-1AB3-4621-AC5F-AAACDA912725}.Release|x86.Build.0 = Release|Any CPU
		{2EAF97CF-C491-48E9-BFAC-F6A132531686}.Debug|Any CPU.ActiveCfg = Debug|Any CPU
		{2EAF97CF-C491-48E9-BFAC-F6A132531686}.Debug|Any CPU.Build.0 = Debug|Any CPU
		{2EAF97CF-C491-48E9-BFAC-F6A132531686}.Debug|x64.ActiveCfg = Debug|Any CPU
		{2EAF97CF-C491-48E9-BFAC-F6A132531686}.Debug|x64.Build.0 = Debug|Any CPU
		{2EAF97CF-C491-48E9-BFAC-F6A132531686}.Debug|x86.ActiveCfg = Debug|Any CPU
		{2EAF97CF-C491-48E9-BFAC-F6A132531686}.Debug|x86.Build.0 = Debug|Any CPU
		{2EAF97CF-C491-48E9-BFAC-F6A132531686}.Release|Any CPU.ActiveCfg = Release|Any CPU
		{2EAF97CF-C491-48E9-BFAC-F6A132531686}.Release|Any CPU.Build.0 = Release|Any CPU
		{2EAF97CF-C491-48E9-BFAC-F6A132531686}.Release|x64.ActiveCfg = Release|Any CPU
		{2EAF97CF-C491-48E9-BFAC-F6A132531686}.Release|x64.Build.0 = Release|Any CPU
		{2EAF97CF-C491-48E9-BFAC-F6A132531686}.Release|x86.ActiveCfg = Release|Any CPU
		{2EAF97CF-C491-48E9-BFAC-F6A132531686}.Release|x86.Build.0 = Release|Any CPU
		{5CF33241-8D86-49E6-8209-8BD7F21A8905}.Debug|Any CPU.ActiveCfg = Debug|Any CPU
		{5CF33241-8D86-49E6-8209-8BD7F21A8905}.Debug|Any CPU.Build.0 = Debug|Any CPU
		{5CF33241-8D86-49E6-8209-8BD7F21A8905}.Debug|x64.ActiveCfg = Debug|Any CPU
		{5CF33241-8D86-49E6-8209-8BD7F21A8905}.Debug|x64.Build.0 = Debug|Any CPU
		{5CF33241-8D86-49E6-8209-8BD7F21A8905}.Debug|x86.ActiveCfg = Debug|Any CPU
		{5CF33241-8D86-49E6-8209-8BD7F21A8905}.Debug|x86.Build.0 = Debug|Any CPU
		{5CF33241-8D86-49E6-8209-8BD7F21A8905}.Release|Any CPU.ActiveCfg = Release|Any CPU
		{5CF33241-8D86-49E6-8209-8BD7F21A8905}.Release|Any CPU.Build.0 = Release|Any CPU
		{5CF33241-8D86-49E6-8209-8BD7F21A8905}.Release|x64.ActiveCfg = Release|Any CPU
		{5CF33241-8D86-49E6-8209-8BD7F21A8905}.Release|x64.Build.0 = Release|Any CPU
		{5CF33241-8D86-49E6-8209-8BD7F21A8905}.Release|x86.ActiveCfg = Release|Any CPU
		{5CF33241-8D86-49E6-8209-8BD7F21A8905}.Release|x86.Build.0 = Release|Any CPU
		{584EEEC6-7847-48DE-BF24-1920BC0FDD28}.Debug|Any CPU.ActiveCfg = Debug|Any CPU
		{584EEEC6-7847-48DE-BF24-1920BC0FDD28}.Debug|Any CPU.Build.0 = Debug|Any CPU
		{584EEEC6-7847-48DE-BF24-1920BC0FDD28}.Debug|x64.ActiveCfg = Debug|Any CPU
		{584EEEC6-7847-48DE-BF24-1920BC0FDD28}.Debug|x64.Build.0 = Debug|Any CPU
		{584EEEC6-7847-48DE-BF24-1920BC0FDD28}.Debug|x86.ActiveCfg = Debug|Any CPU
		{584EEEC6-7847-48DE-BF24-1920BC0FDD28}.Debug|x86.Build.0 = Debug|Any CPU
		{584EEEC6-7847-48DE-BF24-1920BC0FDD28}.Release|Any CPU.ActiveCfg = Release|Any CPU
		{584EEEC6-7847-48DE-BF24-1920BC0FDD28}.Release|Any CPU.Build.0 = Release|Any CPU
		{584EEEC6-7847-48DE-BF24-1920BC0FDD28}.Release|x64.ActiveCfg = Release|Any CPU
		{584EEEC6-7847-48DE-BF24-1920BC0FDD28}.Release|x64.Build.0 = Release|Any CPU
		{584EEEC6-7847-48DE-BF24-1920BC0FDD28}.Release|x86.ActiveCfg = Release|Any CPU
		{584EEEC6-7847-48DE-BF24-1920BC0FDD28}.Release|x86.Build.0 = Release|Any CPU
		{0B7D37D7-92AB-4ADD-B8F8-D0F5E64CD755}.Debug|Any CPU.ActiveCfg = Debug|Any CPU
		{0B7D37D7-92AB-4ADD-B8F8-D0F5E64CD755}.Debug|Any CPU.Build.0 = Debug|Any CPU
		{0B7D37D7-92AB-4ADD-B8F8-D0F5E64CD755}.Debug|x64.ActiveCfg = Debug|Any CPU
		{0B7D37D7-92AB-4ADD-B8F8-D0F5E64CD755}.Debug|x64.Build.0 = Debug|Any CPU
		{0B7D37D7-92AB-4ADD-B8F8-D0F5E64CD755}.Debug|x86.ActiveCfg = Debug|Any CPU
		{0B7D37D7-92AB-4ADD-B8F8-D0F5E64CD755}.Debug|x86.Build.0 = Debug|Any CPU
		{0B7D37D7-92AB-4ADD-B8F8-D0F5E64CD755}.Release|Any CPU.ActiveCfg = Release|Any CPU
		{0B7D37D7-92AB-4ADD-B8F8-D0F5E64CD755}.Release|Any CPU.Build.0 = Release|Any CPU
		{0B7D37D7-92AB-4ADD-B8F8-D0F5E64CD755}.Release|x64.ActiveCfg = Release|Any CPU
		{0B7D37D7-92AB-4ADD-B8F8-D0F5E64CD755}.Release|x64.Build.0 = Release|Any CPU
		{0B7D37D7-92AB-4ADD-B8F8-D0F5E64CD755}.Release|x86.ActiveCfg = Release|Any CPU
		{0B7D37D7-92AB-4ADD-B8F8-D0F5E64CD755}.Release|x86.Build.0 = Release|Any CPU
		{99A01076-BF0E-4470-B6BF-911D532ABDAC}.Debug|Any CPU.ActiveCfg = Debug|Any CPU
		{99A01076-BF0E-4470-B6BF-911D532ABDAC}.Debug|Any CPU.Build.0 = Debug|Any CPU
		{99A01076-BF0E-4470-B6BF-911D532ABDAC}.Debug|x64.ActiveCfg = Debug|Any CPU
		{99A01076-BF0E-4470-B6BF-911D532ABDAC}.Debug|x64.Build.0 = Debug|Any CPU
		{99A01076-BF0E-4470-B6BF-911D532ABDAC}.Debug|x86.ActiveCfg = Debug|Any CPU
		{99A01076-BF0E-4470-B6BF-911D532ABDAC}.Debug|x86.Build.0 = Debug|Any CPU
		{99A01076-BF0E-4470-B6BF-911D532ABDAC}.Release|Any CPU.ActiveCfg = Release|Any CPU
		{99A01076-BF0E-4470-B6BF-911D532ABDAC}.Release|Any CPU.Build.0 = Release|Any CPU
		{99A01076-BF0E-4470-B6BF-911D532ABDAC}.Release|x64.ActiveCfg = Release|Any CPU
		{99A01076-BF0E-4470-B6BF-911D532ABDAC}.Release|x64.Build.0 = Release|Any CPU
		{99A01076-BF0E-4470-B6BF-911D532ABDAC}.Release|x86.ActiveCfg = Release|Any CPU
		{99A01076-BF0E-4470-B6BF-911D532ABDAC}.Release|x86.Build.0 = Release|Any CPU
		{D3B558B3-2D3E-4800-9193-BAEA3D610381}.Debug|Any CPU.ActiveCfg = Debug|Any CPU
		{D3B558B3-2D3E-4800-9193-BAEA3D610381}.Debug|Any CPU.Build.0 = Debug|Any CPU
		{D3B558B3-2D3E-4800-9193-BAEA3D610381}.Debug|x64.ActiveCfg = Debug|Any CPU
		{D3B558B3-2D3E-4800-9193-BAEA3D610381}.Debug|x64.Build.0 = Debug|Any CPU
		{D3B558B3-2D3E-4800-9193-BAEA3D610381}.Debug|x86.ActiveCfg = Debug|Any CPU
		{D3B558B3-2D3E-4800-9193-BAEA3D610381}.Debug|x86.Build.0 = Debug|Any CPU
		{D3B558B3-2D3E-4800-9193-BAEA3D610381}.Release|Any CPU.ActiveCfg = Release|Any CPU
		{D3B558B3-2D3E-4800-9193-BAEA3D610381}.Release|Any CPU.Build.0 = Release|Any CPU
		{D3B558B3-2D3E-4800-9193-BAEA3D610381}.Release|x64.ActiveCfg = Release|Any CPU
		{D3B558B3-2D3E-4800-9193-BAEA3D610381}.Release|x64.Build.0 = Release|Any CPU
		{D3B558B3-2D3E-4800-9193-BAEA3D610381}.Release|x86.ActiveCfg = Release|Any CPU
		{D3B558B3-2D3E-4800-9193-BAEA3D610381}.Release|x86.Build.0 = Release|Any CPU
		{C5DE5AAB-7637-4428-B4ED-C4246EC9AA4C}.Debug|Any CPU.ActiveCfg = Debug|Any CPU
		{C5DE5AAB-7637-4428-B4ED-C4246EC9AA4C}.Debug|Any CPU.Build.0 = Debug|Any CPU
		{C5DE5AAB-7637-4428-B4ED-C4246EC9AA4C}.Debug|x64.ActiveCfg = Debug|Any CPU
		{C5DE5AAB-7637-4428-B4ED-C4246EC9AA4C}.Debug|x64.Build.0 = Debug|Any CPU
		{C5DE5AAB-7637-4428-B4ED-C4246EC9AA4C}.Debug|x86.ActiveCfg = Debug|Any CPU
		{C5DE5AAB-7637-4428-B4ED-C4246EC9AA4C}.Debug|x86.Build.0 = Debug|Any CPU
		{C5DE5AAB-7637-4428-B4ED-C4246EC9AA4C}.Release|Any CPU.ActiveCfg = Release|Any CPU
		{C5DE5AAB-7637-4428-B4ED-C4246EC9AA4C}.Release|Any CPU.Build.0 = Release|Any CPU
		{C5DE5AAB-7637-4428-B4ED-C4246EC9AA4C}.Release|x64.ActiveCfg = Release|Any CPU
		{C5DE5AAB-7637-4428-B4ED-C4246EC9AA4C}.Release|x64.Build.0 = Release|Any CPU
		{C5DE5AAB-7637-4428-B4ED-C4246EC9AA4C}.Release|x86.ActiveCfg = Release|Any CPU
		{C5DE5AAB-7637-4428-B4ED-C4246EC9AA4C}.Release|x86.Build.0 = Release|Any CPU
		{ADD63F09-4A8D-4E63-BDE7-F29E6941C857}.Debug|Any CPU.ActiveCfg = Debug|Any CPU
		{ADD63F09-4A8D-4E63-BDE7-F29E6941C857}.Debug|Any CPU.Build.0 = Debug|Any CPU
		{ADD63F09-4A8D-4E63-BDE7-F29E6941C857}.Debug|x64.ActiveCfg = Debug|Any CPU
		{ADD63F09-4A8D-4E63-BDE7-F29E6941C857}.Debug|x64.Build.0 = Debug|Any CPU
		{ADD63F09-4A8D-4E63-BDE7-F29E6941C857}.Debug|x86.ActiveCfg = Debug|Any CPU
		{ADD63F09-4A8D-4E63-BDE7-F29E6941C857}.Debug|x86.Build.0 = Debug|Any CPU
		{ADD63F09-4A8D-4E63-BDE7-F29E6941C857}.Release|Any CPU.ActiveCfg = Release|Any CPU
		{ADD63F09-4A8D-4E63-BDE7-F29E6941C857}.Release|Any CPU.Build.0 = Release|Any CPU
		{ADD63F09-4A8D-4E63-BDE7-F29E6941C857}.Release|x64.ActiveCfg = Release|Any CPU
		{ADD63F09-4A8D-4E63-BDE7-F29E6941C857}.Release|x64.Build.0 = Release|Any CPU
		{ADD63F09-4A8D-4E63-BDE7-F29E6941C857}.Release|x86.ActiveCfg = Release|Any CPU
		{ADD63F09-4A8D-4E63-BDE7-F29E6941C857}.Release|x86.Build.0 = Release|Any CPU
		{B1C50F77-E876-48AF-AE95-EFF0D4EF5F30}.Debug|Any CPU.ActiveCfg = Debug|Any CPU
		{B1C50F77-E876-48AF-AE95-EFF0D4EF5F30}.Debug|Any CPU.Build.0 = Debug|Any CPU
		{B1C50F77-E876-48AF-AE95-EFF0D4EF5F30}.Debug|x64.ActiveCfg = Debug|Any CPU
		{B1C50F77-E876-48AF-AE95-EFF0D4EF5F30}.Debug|x64.Build.0 = Debug|Any CPU
		{B1C50F77-E876-48AF-AE95-EFF0D4EF5F30}.Debug|x86.ActiveCfg = Debug|Any CPU
		{B1C50F77-E876-48AF-AE95-EFF0D4EF5F30}.Debug|x86.Build.0 = Debug|Any CPU
		{B1C50F77-E876-48AF-AE95-EFF0D4EF5F30}.Release|Any CPU.ActiveCfg = Release|Any CPU
		{B1C50F77-E876-48AF-AE95-EFF0D4EF5F30}.Release|Any CPU.Build.0 = Release|Any CPU
		{B1C50F77-E876-48AF-AE95-EFF0D4EF5F30}.Release|x64.ActiveCfg = Release|Any CPU
		{B1C50F77-E876-48AF-AE95-EFF0D4EF5F30}.Release|x64.Build.0 = Release|Any CPU
		{B1C50F77-E876-48AF-AE95-EFF0D4EF5F30}.Release|x86.ActiveCfg = Release|Any CPU
		{B1C50F77-E876-48AF-AE95-EFF0D4EF5F30}.Release|x86.Build.0 = Release|Any CPU
		{E8A10D98-106E-463D-84FE-56C02CBE1F08}.Debug|Any CPU.ActiveCfg = Debug|Any CPU
		{E8A10D98-106E-463D-84FE-56C02CBE1F08}.Debug|Any CPU.Build.0 = Debug|Any CPU
		{E8A10D98-106E-463D-84FE-56C02CBE1F08}.Debug|x64.ActiveCfg = Debug|Any CPU
		{E8A10D98-106E-463D-84FE-56C02CBE1F08}.Debug|x64.Build.0 = Debug|Any CPU
		{E8A10D98-106E-463D-84FE-56C02CBE1F08}.Debug|x86.ActiveCfg = Debug|Any CPU
		{E8A10D98-106E-463D-84FE-56C02CBE1F08}.Debug|x86.Build.0 = Debug|Any CPU
		{E8A10D98-106E-463D-84FE-56C02CBE1F08}.Release|Any CPU.ActiveCfg = Release|Any CPU
		{E8A10D98-106E-463D-84FE-56C02CBE1F08}.Release|Any CPU.Build.0 = Release|Any CPU
		{E8A10D98-106E-463D-84FE-56C02CBE1F08}.Release|x64.ActiveCfg = Release|Any CPU
		{E8A10D98-106E-463D-84FE-56C02CBE1F08}.Release|x64.Build.0 = Release|Any CPU
		{E8A10D98-106E-463D-84FE-56C02CBE1F08}.Release|x86.ActiveCfg = Release|Any CPU
		{E8A10D98-106E-463D-84FE-56C02CBE1F08}.Release|x86.Build.0 = Release|Any CPU
		{D95E549A-095C-4E46-A068-DEF2821E3E2C}.Debug|Any CPU.ActiveCfg = Debug|Any CPU
		{D95E549A-095C-4E46-A068-DEF2821E3E2C}.Debug|Any CPU.Build.0 = Debug|Any CPU
		{D95E549A-095C-4E46-A068-DEF2821E3E2C}.Debug|x64.ActiveCfg = Debug|Any CPU
		{D95E549A-095C-4E46-A068-DEF2821E3E2C}.Debug|x64.Build.0 = Debug|Any CPU
		{D95E549A-095C-4E46-A068-DEF2821E3E2C}.Debug|x86.ActiveCfg = Debug|Any CPU
		{D95E549A-095C-4E46-A068-DEF2821E3E2C}.Debug|x86.Build.0 = Debug|Any CPU
		{D95E549A-095C-4E46-A068-DEF2821E3E2C}.Release|Any CPU.ActiveCfg = Release|Any CPU
		{D95E549A-095C-4E46-A068-DEF2821E3E2C}.Release|Any CPU.Build.0 = Release|Any CPU
		{D95E549A-095C-4E46-A068-DEF2821E3E2C}.Release|x64.ActiveCfg = Release|Any CPU
		{D95E549A-095C-4E46-A068-DEF2821E3E2C}.Release|x64.Build.0 = Release|Any CPU
		{D95E549A-095C-4E46-A068-DEF2821E3E2C}.Release|x86.ActiveCfg = Release|Any CPU
		{D95E549A-095C-4E46-A068-DEF2821E3E2C}.Release|x86.Build.0 = Release|Any CPU
		{8F19ABF4-E4DE-4D91-8DDA-11E888A44D74}.Debug|Any CPU.ActiveCfg = Debug|Any CPU
		{8F19ABF4-E4DE-4D91-8DDA-11E888A44D74}.Debug|Any CPU.Build.0 = Debug|Any CPU
		{8F19ABF4-E4DE-4D91-8DDA-11E888A44D74}.Debug|x64.ActiveCfg = Debug|Any CPU
		{8F19ABF4-E4DE-4D91-8DDA-11E888A44D74}.Debug|x64.Build.0 = Debug|Any CPU
		{8F19ABF4-E4DE-4D91-8DDA-11E888A44D74}.Debug|x86.ActiveCfg = Debug|Any CPU
		{8F19ABF4-E4DE-4D91-8DDA-11E888A44D74}.Debug|x86.Build.0 = Debug|Any CPU
		{8F19ABF4-E4DE-4D91-8DDA-11E888A44D74}.Release|Any CPU.ActiveCfg = Release|Any CPU
		{8F19ABF4-E4DE-4D91-8DDA-11E888A44D74}.Release|Any CPU.Build.0 = Release|Any CPU
		{8F19ABF4-E4DE-4D91-8DDA-11E888A44D74}.Release|x64.ActiveCfg = Release|Any CPU
		{8F19ABF4-E4DE-4D91-8DDA-11E888A44D74}.Release|x64.Build.0 = Release|Any CPU
		{8F19ABF4-E4DE-4D91-8DDA-11E888A44D74}.Release|x86.ActiveCfg = Release|Any CPU
		{8F19ABF4-E4DE-4D91-8DDA-11E888A44D74}.Release|x86.Build.0 = Release|Any CPU
		{3D1CCD42-117A-4A17-BCCD-88C3DAAA019D}.Debug|Any CPU.ActiveCfg = Debug|Any CPU
		{3D1CCD42-117A-4A17-BCCD-88C3DAAA019D}.Debug|Any CPU.Build.0 = Debug|Any CPU
		{3D1CCD42-117A-4A17-BCCD-88C3DAAA019D}.Debug|x64.ActiveCfg = Debug|Any CPU
		{3D1CCD42-117A-4A17-BCCD-88C3DAAA019D}.Debug|x64.Build.0 = Debug|Any CPU
		{3D1CCD42-117A-4A17-BCCD-88C3DAAA019D}.Debug|x86.ActiveCfg = Debug|Any CPU
		{3D1CCD42-117A-4A17-BCCD-88C3DAAA019D}.Debug|x86.Build.0 = Debug|Any CPU
		{3D1CCD42-117A-4A17-BCCD-88C3DAAA019D}.Release|Any CPU.ActiveCfg = Release|Any CPU
		{3D1CCD42-117A-4A17-BCCD-88C3DAAA019D}.Release|Any CPU.Build.0 = Release|Any CPU
		{3D1CCD42-117A-4A17-BCCD-88C3DAAA019D}.Release|x64.ActiveCfg = Release|Any CPU
		{3D1CCD42-117A-4A17-BCCD-88C3DAAA019D}.Release|x64.Build.0 = Release|Any CPU
		{3D1CCD42-117A-4A17-BCCD-88C3DAAA019D}.Release|x86.ActiveCfg = Release|Any CPU
		{3D1CCD42-117A-4A17-BCCD-88C3DAAA019D}.Release|x86.Build.0 = Release|Any CPU
		{FD026059-5336-4E22-8774-2EB355A4B8C0}.Debug|Any CPU.ActiveCfg = Debug|Any CPU
		{FD026059-5336-4E22-8774-2EB355A4B8C0}.Debug|Any CPU.Build.0 = Debug|Any CPU
		{FD026059-5336-4E22-8774-2EB355A4B8C0}.Debug|x64.ActiveCfg = Debug|Any CPU
		{FD026059-5336-4E22-8774-2EB355A4B8C0}.Debug|x64.Build.0 = Debug|Any CPU
		{FD026059-5336-4E22-8774-2EB355A4B8C0}.Debug|x86.ActiveCfg = Debug|Any CPU
		{FD026059-5336-4E22-8774-2EB355A4B8C0}.Debug|x86.Build.0 = Debug|Any CPU
		{FD026059-5336-4E22-8774-2EB355A4B8C0}.Release|Any CPU.ActiveCfg = Release|Any CPU
		{FD026059-5336-4E22-8774-2EB355A4B8C0}.Release|Any CPU.Build.0 = Release|Any CPU
		{FD026059-5336-4E22-8774-2EB355A4B8C0}.Release|x64.ActiveCfg = Release|Any CPU
		{FD026059-5336-4E22-8774-2EB355A4B8C0}.Release|x64.Build.0 = Release|Any CPU
		{FD026059-5336-4E22-8774-2EB355A4B8C0}.Release|x86.ActiveCfg = Release|Any CPU
		{FD026059-5336-4E22-8774-2EB355A4B8C0}.Release|x86.Build.0 = Release|Any CPU
		{EFD73B16-BAFD-4CA6-8CC1-7496164B9D42}.Debug|Any CPU.ActiveCfg = Debug|Any CPU
		{EFD73B16-BAFD-4CA6-8CC1-7496164B9D42}.Debug|Any CPU.Build.0 = Debug|Any CPU
		{EFD73B16-BAFD-4CA6-8CC1-7496164B9D42}.Debug|x64.ActiveCfg = Debug|Any CPU
		{EFD73B16-BAFD-4CA6-8CC1-7496164B9D42}.Debug|x64.Build.0 = Debug|Any CPU
		{EFD73B16-BAFD-4CA6-8CC1-7496164B9D42}.Debug|x86.ActiveCfg = Debug|Any CPU
		{EFD73B16-BAFD-4CA6-8CC1-7496164B9D42}.Debug|x86.Build.0 = Debug|Any CPU
		{EFD73B16-BAFD-4CA6-8CC1-7496164B9D42}.Release|Any CPU.ActiveCfg = Release|Any CPU
		{EFD73B16-BAFD-4CA6-8CC1-7496164B9D42}.Release|Any CPU.Build.0 = Release|Any CPU
		{EFD73B16-BAFD-4CA6-8CC1-7496164B9D42}.Release|x64.ActiveCfg = Release|Any CPU
		{EFD73B16-BAFD-4CA6-8CC1-7496164B9D42}.Release|x64.Build.0 = Release|Any CPU
		{EFD73B16-BAFD-4CA6-8CC1-7496164B9D42}.Release|x86.ActiveCfg = Release|Any CPU
		{EFD73B16-BAFD-4CA6-8CC1-7496164B9D42}.Release|x86.Build.0 = Release|Any CPU
		{B75D9941-1DC8-4045-886C-C5C387F5F0F1}.Debug|Any CPU.ActiveCfg = Debug|Any CPU
		{B75D9941-1DC8-4045-886C-C5C387F5F0F1}.Debug|Any CPU.Build.0 = Debug|Any CPU
		{B75D9941-1DC8-4045-886C-C5C387F5F0F1}.Debug|x64.ActiveCfg = Debug|Any CPU
		{B75D9941-1DC8-4045-886C-C5C387F5F0F1}.Debug|x64.Build.0 = Debug|Any CPU
		{B75D9941-1DC8-4045-886C-C5C387F5F0F1}.Debug|x86.ActiveCfg = Debug|Any CPU
		{B75D9941-1DC8-4045-886C-C5C387F5F0F1}.Debug|x86.Build.0 = Debug|Any CPU
		{B75D9941-1DC8-4045-886C-C5C387F5F0F1}.Release|Any CPU.ActiveCfg = Release|Any CPU
		{B75D9941-1DC8-4045-886C-C5C387F5F0F1}.Release|Any CPU.Build.0 = Release|Any CPU
		{B75D9941-1DC8-4045-886C-C5C387F5F0F1}.Release|x64.ActiveCfg = Release|Any CPU
		{B75D9941-1DC8-4045-886C-C5C387F5F0F1}.Release|x64.Build.0 = Release|Any CPU
		{B75D9941-1DC8-4045-886C-C5C387F5F0F1}.Release|x86.ActiveCfg = Release|Any CPU
		{B75D9941-1DC8-4045-886C-C5C387F5F0F1}.Release|x86.Build.0 = Release|Any CPU
		{D2DA328C-9C73-41E8-9B12-C3A084D58BF1}.Debug|Any CPU.ActiveCfg = Debug|Any CPU
		{D2DA328C-9C73-41E8-9B12-C3A084D58BF1}.Debug|Any CPU.Build.0 = Debug|Any CPU
		{D2DA328C-9C73-41E8-9B12-C3A084D58BF1}.Debug|x64.ActiveCfg = Debug|Any CPU
		{D2DA328C-9C73-41E8-9B12-C3A084D58BF1}.Debug|x64.Build.0 = Debug|Any CPU
		{D2DA328C-9C73-41E8-9B12-C3A084D58BF1}.Debug|x86.ActiveCfg = Debug|Any CPU
		{D2DA328C-9C73-41E8-9B12-C3A084D58BF1}.Debug|x86.Build.0 = Debug|Any CPU
		{D2DA328C-9C73-41E8-9B12-C3A084D58BF1}.Release|Any CPU.ActiveCfg = Release|Any CPU
		{D2DA328C-9C73-41E8-9B12-C3A084D58BF1}.Release|Any CPU.Build.0 = Release|Any CPU
		{D2DA328C-9C73-41E8-9B12-C3A084D58BF1}.Release|x64.ActiveCfg = Release|Any CPU
		{D2DA328C-9C73-41E8-9B12-C3A084D58BF1}.Release|x64.Build.0 = Release|Any CPU
		{D2DA328C-9C73-41E8-9B12-C3A084D58BF1}.Release|x86.ActiveCfg = Release|Any CPU
		{D2DA328C-9C73-41E8-9B12-C3A084D58BF1}.Release|x86.Build.0 = Release|Any CPU
		{CB695EBF-F0F3-4115-AF20-04591217056E}.Debug|Any CPU.ActiveCfg = Debug|Any CPU
		{CB695EBF-F0F3-4115-AF20-04591217056E}.Debug|Any CPU.Build.0 = Debug|Any CPU
		{CB695EBF-F0F3-4115-AF20-04591217056E}.Debug|x64.ActiveCfg = Debug|Any CPU
		{CB695EBF-F0F3-4115-AF20-04591217056E}.Debug|x64.Build.0 = Debug|Any CPU
		{CB695EBF-F0F3-4115-AF20-04591217056E}.Debug|x86.ActiveCfg = Debug|Any CPU
		{CB695EBF-F0F3-4115-AF20-04591217056E}.Debug|x86.Build.0 = Debug|Any CPU
		{CB695EBF-F0F3-4115-AF20-04591217056E}.Release|Any CPU.ActiveCfg = Release|Any CPU
		{CB695EBF-F0F3-4115-AF20-04591217056E}.Release|Any CPU.Build.0 = Release|Any CPU
		{CB695EBF-F0F3-4115-AF20-04591217056E}.Release|x64.ActiveCfg = Release|Any CPU
		{CB695EBF-F0F3-4115-AF20-04591217056E}.Release|x64.Build.0 = Release|Any CPU
		{CB695EBF-F0F3-4115-AF20-04591217056E}.Release|x86.ActiveCfg = Release|Any CPU
		{CB695EBF-F0F3-4115-AF20-04591217056E}.Release|x86.Build.0 = Release|Any CPU
		{4E62820D-0F34-4214-80CB-6556B537AAEE}.Debug|Any CPU.ActiveCfg = Debug|Any CPU
		{4E62820D-0F34-4214-80CB-6556B537AAEE}.Debug|Any CPU.Build.0 = Debug|Any CPU
		{4E62820D-0F34-4214-80CB-6556B537AAEE}.Debug|x64.ActiveCfg = Debug|Any CPU
		{4E62820D-0F34-4214-80CB-6556B537AAEE}.Debug|x64.Build.0 = Debug|Any CPU
		{4E62820D-0F34-4214-80CB-6556B537AAEE}.Debug|x86.ActiveCfg = Debug|Any CPU
		{4E62820D-0F34-4214-80CB-6556B537AAEE}.Debug|x86.Build.0 = Debug|Any CPU
		{4E62820D-0F34-4214-80CB-6556B537AAEE}.Release|Any CPU.ActiveCfg = Release|Any CPU
		{4E62820D-0F34-4214-80CB-6556B537AAEE}.Release|Any CPU.Build.0 = Release|Any CPU
		{4E62820D-0F34-4214-80CB-6556B537AAEE}.Release|x64.ActiveCfg = Release|Any CPU
		{4E62820D-0F34-4214-80CB-6556B537AAEE}.Release|x64.Build.0 = Release|Any CPU
		{4E62820D-0F34-4214-80CB-6556B537AAEE}.Release|x86.ActiveCfg = Release|Any CPU
		{4E62820D-0F34-4214-80CB-6556B537AAEE}.Release|x86.Build.0 = Release|Any CPU
		{FFCD40FE-9D5B-4349-BC39-619410379E78}.Debug|Any CPU.ActiveCfg = Debug|Any CPU
		{FFCD40FE-9D5B-4349-BC39-619410379E78}.Debug|Any CPU.Build.0 = Debug|Any CPU
		{FFCD40FE-9D5B-4349-BC39-619410379E78}.Debug|x64.ActiveCfg = Debug|Any CPU
		{FFCD40FE-9D5B-4349-BC39-619410379E78}.Debug|x64.Build.0 = Debug|Any CPU
		{FFCD40FE-9D5B-4349-BC39-619410379E78}.Debug|x86.ActiveCfg = Debug|Any CPU
		{FFCD40FE-9D5B-4349-BC39-619410379E78}.Debug|x86.Build.0 = Debug|Any CPU
		{FFCD40FE-9D5B-4349-BC39-619410379E78}.Release|Any CPU.ActiveCfg = Release|Any CPU
		{FFCD40FE-9D5B-4349-BC39-619410379E78}.Release|Any CPU.Build.0 = Release|Any CPU
		{FFCD40FE-9D5B-4349-BC39-619410379E78}.Release|x64.ActiveCfg = Release|Any CPU
		{FFCD40FE-9D5B-4349-BC39-619410379E78}.Release|x64.Build.0 = Release|Any CPU
		{FFCD40FE-9D5B-4349-BC39-619410379E78}.Release|x86.ActiveCfg = Release|Any CPU
		{FFCD40FE-9D5B-4349-BC39-619410379E78}.Release|x86.Build.0 = Release|Any CPU
		{DC2CA66F-127E-4730-93CC-0B0EF32DC2A3}.Debug|Any CPU.ActiveCfg = Debug|Any CPU
		{DC2CA66F-127E-4730-93CC-0B0EF32DC2A3}.Debug|Any CPU.Build.0 = Debug|Any CPU
		{DC2CA66F-127E-4730-93CC-0B0EF32DC2A3}.Debug|x64.ActiveCfg = Debug|Any CPU
		{DC2CA66F-127E-4730-93CC-0B0EF32DC2A3}.Debug|x64.Build.0 = Debug|Any CPU
		{DC2CA66F-127E-4730-93CC-0B0EF32DC2A3}.Debug|x86.ActiveCfg = Debug|Any CPU
		{DC2CA66F-127E-4730-93CC-0B0EF32DC2A3}.Debug|x86.Build.0 = Debug|Any CPU
		{DC2CA66F-127E-4730-93CC-0B0EF32DC2A3}.Release|Any CPU.ActiveCfg = Release|Any CPU
		{DC2CA66F-127E-4730-93CC-0B0EF32DC2A3}.Release|Any CPU.Build.0 = Release|Any CPU
		{DC2CA66F-127E-4730-93CC-0B0EF32DC2A3}.Release|x64.ActiveCfg = Release|Any CPU
		{DC2CA66F-127E-4730-93CC-0B0EF32DC2A3}.Release|x64.Build.0 = Release|Any CPU
		{DC2CA66F-127E-4730-93CC-0B0EF32DC2A3}.Release|x86.ActiveCfg = Release|Any CPU
		{DC2CA66F-127E-4730-93CC-0B0EF32DC2A3}.Release|x86.Build.0 = Release|Any CPU
		{C347C597-5BDC-4487-AEA6-6CCD28B93667}.Debug|Any CPU.ActiveCfg = Debug|Any CPU
		{C347C597-5BDC-4487-AEA6-6CCD28B93667}.Debug|Any CPU.Build.0 = Debug|Any CPU
		{C347C597-5BDC-4487-AEA6-6CCD28B93667}.Debug|x64.ActiveCfg = Debug|Any CPU
		{C347C597-5BDC-4487-AEA6-6CCD28B93667}.Debug|x64.Build.0 = Debug|Any CPU
		{C347C597-5BDC-4487-AEA6-6CCD28B93667}.Debug|x86.ActiveCfg = Debug|Any CPU
		{C347C597-5BDC-4487-AEA6-6CCD28B93667}.Debug|x86.Build.0 = Debug|Any CPU
		{C347C597-5BDC-4487-AEA6-6CCD28B93667}.Release|Any CPU.ActiveCfg = Release|Any CPU
		{C347C597-5BDC-4487-AEA6-6CCD28B93667}.Release|Any CPU.Build.0 = Release|Any CPU
		{C347C597-5BDC-4487-AEA6-6CCD28B93667}.Release|x64.ActiveCfg = Release|Any CPU
		{C347C597-5BDC-4487-AEA6-6CCD28B93667}.Release|x64.Build.0 = Release|Any CPU
		{C347C597-5BDC-4487-AEA6-6CCD28B93667}.Release|x86.ActiveCfg = Release|Any CPU
		{C347C597-5BDC-4487-AEA6-6CCD28B93667}.Release|x86.Build.0 = Release|Any CPU
		{8CD5BC36-F6EC-4140-85A1-73E956D7596F}.Debug|Any CPU.ActiveCfg = Debug|Any CPU
		{8CD5BC36-F6EC-4140-85A1-73E956D7596F}.Debug|Any CPU.Build.0 = Debug|Any CPU
		{8CD5BC36-F6EC-4140-85A1-73E956D7596F}.Debug|x64.ActiveCfg = Debug|Any CPU
		{8CD5BC36-F6EC-4140-85A1-73E956D7596F}.Debug|x64.Build.0 = Debug|Any CPU
		{8CD5BC36-F6EC-4140-85A1-73E956D7596F}.Debug|x86.ActiveCfg = Debug|Any CPU
		{8CD5BC36-F6EC-4140-85A1-73E956D7596F}.Debug|x86.Build.0 = Debug|Any CPU
		{8CD5BC36-F6EC-4140-85A1-73E956D7596F}.Release|Any CPU.ActiveCfg = Release|Any CPU
		{8CD5BC36-F6EC-4140-85A1-73E956D7596F}.Release|Any CPU.Build.0 = Release|Any CPU
		{8CD5BC36-F6EC-4140-85A1-73E956D7596F}.Release|x64.ActiveCfg = Release|Any CPU
		{8CD5BC36-F6EC-4140-85A1-73E956D7596F}.Release|x64.Build.0 = Release|Any CPU
		{8CD5BC36-F6EC-4140-85A1-73E956D7596F}.Release|x86.ActiveCfg = Release|Any CPU
		{8CD5BC36-F6EC-4140-85A1-73E956D7596F}.Release|x86.Build.0 = Release|Any CPU
		{4F2B00C6-095C-4324-8894-D20BAF3BF0C9}.Debug|Any CPU.ActiveCfg = Debug|Any CPU
		{4F2B00C6-095C-4324-8894-D20BAF3BF0C9}.Debug|Any CPU.Build.0 = Debug|Any CPU
		{4F2B00C6-095C-4324-8894-D20BAF3BF0C9}.Debug|x64.ActiveCfg = Debug|Any CPU
		{4F2B00C6-095C-4324-8894-D20BAF3BF0C9}.Debug|x64.Build.0 = Debug|Any CPU
		{4F2B00C6-095C-4324-8894-D20BAF3BF0C9}.Debug|x86.ActiveCfg = Debug|Any CPU
		{4F2B00C6-095C-4324-8894-D20BAF3BF0C9}.Debug|x86.Build.0 = Debug|Any CPU
		{4F2B00C6-095C-4324-8894-D20BAF3BF0C9}.Release|Any CPU.ActiveCfg = Release|Any CPU
		{4F2B00C6-095C-4324-8894-D20BAF3BF0C9}.Release|Any CPU.Build.0 = Release|Any CPU
		{4F2B00C6-095C-4324-8894-D20BAF3BF0C9}.Release|x64.ActiveCfg = Release|Any CPU
		{4F2B00C6-095C-4324-8894-D20BAF3BF0C9}.Release|x64.Build.0 = Release|Any CPU
		{4F2B00C6-095C-4324-8894-D20BAF3BF0C9}.Release|x86.ActiveCfg = Release|Any CPU
		{4F2B00C6-095C-4324-8894-D20BAF3BF0C9}.Release|x86.Build.0 = Release|Any CPU
		{45186210-C234-44D1-A16B-CC92FC55441A}.Debug|Any CPU.ActiveCfg = Debug|Any CPU
		{45186210-C234-44D1-A16B-CC92FC55441A}.Debug|Any CPU.Build.0 = Debug|Any CPU
		{45186210-C234-44D1-A16B-CC92FC55441A}.Debug|x64.ActiveCfg = Debug|Any CPU
		{45186210-C234-44D1-A16B-CC92FC55441A}.Debug|x64.Build.0 = Debug|Any CPU
		{45186210-C234-44D1-A16B-CC92FC55441A}.Debug|x86.ActiveCfg = Debug|Any CPU
		{45186210-C234-44D1-A16B-CC92FC55441A}.Debug|x86.Build.0 = Debug|Any CPU
		{45186210-C234-44D1-A16B-CC92FC55441A}.Release|Any CPU.ActiveCfg = Release|Any CPU
		{45186210-C234-44D1-A16B-CC92FC55441A}.Release|Any CPU.Build.0 = Release|Any CPU
		{45186210-C234-44D1-A16B-CC92FC55441A}.Release|x64.ActiveCfg = Release|Any CPU
		{45186210-C234-44D1-A16B-CC92FC55441A}.Release|x64.Build.0 = Release|Any CPU
		{45186210-C234-44D1-A16B-CC92FC55441A}.Release|x86.ActiveCfg = Release|Any CPU
		{45186210-C234-44D1-A16B-CC92FC55441A}.Release|x86.Build.0 = Release|Any CPU
	EndGlobalSection
	GlobalSection(SolutionProperties) = preSolution
		HideSolutionNode = FALSE
	EndGlobalSection
	GlobalSection(NestedProjects) = preSolution
		{293C06CD-4E17-48BD-9F3B-B5ADDFFA9425} = {CA253913-39DE-BFD0-C9A3-4B7EC6FBDF17}
		{AE669B6D-1AB3-4621-AC5F-AAACDA912725} = {293C06CD-4E17-48BD-9F3B-B5ADDFFA9425}
		{2EAF97CF-C491-48E9-BFAC-F6A132531686} = {293C06CD-4E17-48BD-9F3B-B5ADDFFA9425}
		{5CF33241-8D86-49E6-8209-8BD7F21A8905} = {293C06CD-4E17-48BD-9F3B-B5ADDFFA9425}
		{584EEEC6-7847-48DE-BF24-1920BC0FDD28} = {293C06CD-4E17-48BD-9F3B-B5ADDFFA9425}
		{729B03C7-1C3E-5EDD-EDB4-38F58E22BDF1} = {CA253913-39DE-BFD0-C9A3-4B7EC6FBDF17}
		{0B7D37D7-92AB-4ADD-B8F8-D0F5E64CD755} = {729B03C7-1C3E-5EDD-EDB4-38F58E22BDF1}
		{99A01076-BF0E-4470-B6BF-911D532ABDAC} = {729B03C7-1C3E-5EDD-EDB4-38F58E22BDF1}
		{D3B558B3-2D3E-4800-9193-BAEA3D610381} = {729B03C7-1C3E-5EDD-EDB4-38F58E22BDF1}
		{C5DE5AAB-7637-4428-B4ED-C4246EC9AA4C} = {729B03C7-1C3E-5EDD-EDB4-38F58E22BDF1}
		{3333CD61-D66C-0171-0725-9839E1F728CE} = {CA253913-39DE-BFD0-C9A3-4B7EC6FBDF17}
		{ADD63F09-4A8D-4E63-BDE7-F29E6941C857} = {3333CD61-D66C-0171-0725-9839E1F728CE}
		{B1C50F77-E876-48AF-AE95-EFF0D4EF5F30} = {3333CD61-D66C-0171-0725-9839E1F728CE}
		{E8A10D98-106E-463D-84FE-56C02CBE1F08} = {3333CD61-D66C-0171-0725-9839E1F728CE}
		{D95E549A-095C-4E46-A068-DEF2821E3E2C} = {3333CD61-D66C-0171-0725-9839E1F728CE}
		{E1ED5814-3279-5096-6E7D-B99B82AC87D2} = {CA253913-39DE-BFD0-C9A3-4B7EC6FBDF17}
		{8F19ABF4-E4DE-4D91-8DDA-11E888A44D74} = {E1ED5814-3279-5096-6E7D-B99B82AC87D2}
		{3D1CCD42-117A-4A17-BCCD-88C3DAAA019D} = {E1ED5814-3279-5096-6E7D-B99B82AC87D2}
		{FD026059-5336-4E22-8774-2EB355A4B8C0} = {E1ED5814-3279-5096-6E7D-B99B82AC87D2}
		{EFD73B16-BAFD-4CA6-8CC1-7496164B9D42} = {E1ED5814-3279-5096-6E7D-B99B82AC87D2}
		{BB0BEEE1-C6CC-7430-AB70-8D0C82AE13B4} = {CA253913-39DE-BFD0-C9A3-4B7EC6FBDF17}
		{B75D9941-1DC8-4045-886C-C5C387F5F0F1} = {BB0BEEE1-C6CC-7430-AB70-8D0C82AE13B4}
		{D2DA328C-9C73-41E8-9B12-C3A084D58BF1} = {BB0BEEE1-C6CC-7430-AB70-8D0C82AE13B4}
		{CB695EBF-F0F3-4115-AF20-04591217056E} = {BB0BEEE1-C6CC-7430-AB70-8D0C82AE13B4}
		{4E62820D-0F34-4214-80CB-6556B537AAEE} = {BB0BEEE1-C6CC-7430-AB70-8D0C82AE13B4}
		{FFCD40FE-9D5B-4349-BC39-619410379E78} = {A4D590B0-686D-4BF6-BA8A-FA2895C370FF}
		{DC2CA66F-127E-4730-93CC-0B0EF32DC2A3} = {A4D590B0-686D-4BF6-BA8A-FA2895C370FF}
		{058EAE76-D896-1975-3AE5-4DA35ADAA74C} = {CA253913-39DE-BFD0-C9A3-4B7EC6FBDF17}
		{C347C597-5BDC-4487-AEA6-6CCD28B93667} = {058EAE76-D896-1975-3AE5-4DA35ADAA74C}
		{8CD5BC36-F6EC-4140-85A1-73E956D7596F} = {058EAE76-D896-1975-3AE5-4DA35ADAA74C}
		{4F2B00C6-095C-4324-8894-D20BAF3BF0C9} = {058EAE76-D896-1975-3AE5-4DA35ADAA74C}
		{45186210-C234-44D1-A16B-CC92FC55441A} = {058EAE76-D896-1975-3AE5-4DA35ADAA74C}
	EndGlobalSection
EndGlobal
